{
  "version": 4,
  "terraform_version": "1.1.2",
  "serial": 7,
  "lineage": "a2220c45-b679-3f53-3998-6ce4980069c6",
  "outputs": {},
  "resources": [
    {
      "mode": "managed",
      "type": "vault_auth_backend",
      "name": "userpass",
      "provider": "provider[\"registry.terraform.io/hashicorp/vault\"]",
      "instances": [
        {
          "schema_version": 1,
          "attributes": {
            "accessor": "auth_userpass_9d84d5c5",
            "description": "",
            "id": "userpass",
            "local": false,
            "namespace": null,
            "path": "userpass",
            "tune": [],
            "type": "userpass"
          },
          "sensitive_attributes": [],
          "private": "eyJzY2hlbWFfdmVyc2lvbiI6IjEifQ=="
        }
      ]
    },
    {
      "mode": "managed",
      "type": "vault_generic_endpoint",
      "name": "student",
      "provider": "provider[\"registry.terraform.io/hashicorp/vault\"]",
      "instances": [
        {
          "schema_version": 1,
          "attributes": {
            "data_json": "{\"password\":\"changeme\",\"policies\":[\"admins\",\"eaas-client\"]}",
            "disable_delete": false,
            "disable_read": false,
            "id": "auth/userpass/users/student",
            "ignore_absent_fields": true,
            "namespace": null,
            "path": "auth/userpass/users/student",
            "write_data": {},
            "write_data_json": "null",
            "write_fields": null
          },
          "sensitive_attributes": [],
          "private": "eyJzY2hlbWFfdmVyc2lvbiI6IjEifQ==",
          "dependencies": [
            "vault_auth_backend.userpass"
          ]
        }
      ]
    },
    {
      "mode": "managed",
      "type": "vault_mount",
      "name": "kv-v2",
      "provider": "provider[\"registry.terraform.io/hashicorp/vault\"]",
      "instances": [
        {
          "schema_version": 0,
          "attributes": {
            "accessor": "kv_63b4ae43",
            "audit_non_hmac_request_keys": [],
            "audit_non_hmac_response_keys": [],
            "default_lease_ttl_seconds": 0,
            "description": "",
            "external_entropy_access": false,
            "id": "kv-v2",
            "local": false,
            "max_lease_ttl_seconds": 0,
            "namespace": null,
            "options": null,
            "path": "kv-v2",
            "seal_wrap": false,
            "type": "kv-v2"
          },
          "sensitive_attributes": [],
          "private": "bnVsbA=="
        }
      ]
    },
    {
      "mode": "managed",
      "type": "vault_mount",
      "name": "transit",
      "provider": "provider[\"registry.terraform.io/hashicorp/vault\"]",
      "instances": [
        {
          "schema_version": 0,
          "attributes": {
            "accessor": "transit_4472e257",
            "audit_non_hmac_request_keys": [],
            "audit_non_hmac_response_keys": [],
            "default_lease_ttl_seconds": 0,
            "description": "",
            "external_entropy_access": false,
            "id": "transit",
            "local": false,
            "max_lease_ttl_seconds": 0,
            "namespace": null,
            "options": null,
            "path": "transit",
            "seal_wrap": false,
            "type": "transit"
          },
          "sensitive_attributes": [],
          "private": "bnVsbA=="
        }
      ]
    },
    {
      "mode": "managed",
      "type": "vault_policy",
      "name": "admin_policy",
      "provider": "provider[\"registry.terraform.io/hashicorp/vault\"]",
      "instances": [
        {
          "schema_version": 0,
          "attributes": {
            "id": "admins",
            "name": "admins",
            "namespace": null,
            "policy": "# Manage auth methods broadly across Vault\npath \"auth/*\"\n{\n  capabilities = [\"create\", \"read\", \"update\", \"delete\", \"list\", \"sudo\"]\n}\n\n# Create, update, and delete auth methods\npath \"sys/auth/*\"\n{\n  capabilities = [\"create\", \"update\", \"delete\", \"sudo\"]\n}\n\n# List auth methods\npath \"sys/auth\"\n{\n  capabilities = [\"read\"]\n}\n\n# Create and manage ACL policies\npath \"sys/policies/acl/*\"\n{\n  capabilities = [\"create\", \"read\", \"update\", \"delete\", \"list\", \"sudo\"]\n}\n\n# List ACL policies\npath \"sys/policies/acl\"\n{\n  capabilities = [\"list\"]\n}\n\n# Create and manage secrets engines broadly across Vault.\npath \"sys/mounts/*\"\n{\n  capabilities = [\"create\", \"read\", \"update\", \"delete\", \"list\", \"sudo\"]\n}\n\n# List enabled secrets engines\npath \"sys/mounts\"\n{\n  capabilities = [\"read\", \"list\"]\n}\n\n# List, create, update, and delete key/value secrets at secret/\npath \"secret/*\"\n{\n  capabilities = [\"create\", \"read\", \"update\", \"delete\", \"list\", \"sudo\"]\n}\n\n# Manage transit secrets engine\npath \"transit/*\"\n{\n  capabilities = [\"create\", \"read\", \"update\", \"delete\", \"list\", \"sudo\"]\n}\n\n# Read health checks\npath \"sys/health\"\n{\n  capabilities = [\"read\", \"sudo\"]\n}\n"
          },
          "sensitive_attributes": [],
          "private": "bnVsbA=="
        }
      ]
    },
    {
      "mode": "managed",
      "type": "vault_policy",
      "name": "eaas-client",
      "provider": "provider[\"registry.terraform.io/hashicorp/vault\"]",
      "instances": [
        {
          "schema_version": 0,
          "attributes": {
            "id": "eaas-client",
            "name": "eaas-client",
            "namespace": null,
            "policy": "# Permits CRUD operation on kv-v2\npath \"kv-v2/data/*\" {\n  capabilities = [\"create\", \"read\", \"update\", \"delete\", \"list\"]\n}\n\n# Encrypt data with 'payment' key\npath \"transit/encrypt/payment\" {\n  capabilities = [\"update\"]\n}\n\n# Decrypt data with 'payment' key\npath \"transit/decrypt/payment\" {\n  capabilities = [\"update\"]\n}\n\n# Read and list keys under transit secrets engine \npath \"transit/*\" {\n  capabilities = [\"read\", \"list\"]\n}\n\n# List enabled secrets engines\npath \"secret/metadata/*\" {\n   capabilities = [\"list\"]\n}"
          },
          "sensitive_attributes": [],
          "private": "bnVsbA=="
        }
      ]
    },
    {
      "mode": "managed",
      "type": "vault_transit_secret_backend_key",
      "name": "key",
      "provider": "provider[\"registry.terraform.io/hashicorp/vault\"]",
      "instances": [
        {
          "schema_version": 0,
          "attributes": {
            "allow_plaintext_backup": false,
            "auto_rotate_interval": null,
            "auto_rotate_period": 0,
            "backend": "transit",
            "convergent_encryption": false,
            "deletion_allowed": true,
            "derived": false,
            "exportable": false,
            "id": "transit/keys/payment",
            "keys": [
              {
                "id": "1657475179"
              }
            ],
            "latest_version": 1,
            "min_available_version": 0,
            "min_decryption_version": 1,
            "min_encryption_version": 0,
            "name": "payment",
            "namespace": null,
            "supports_decryption": true,
            "supports_derivation": true,
            "supports_encryption": true,
            "supports_signing": false,
            "type": "aes256-gcm96"
          },
          "sensitive_attributes": [],
          "private": "bnVsbA==",
          "dependencies": [
            "vault_mount.transit"
          ]
        }
      ]
    }
  ]
}
